
Microsoft Visual Studio Solution File, Format Version 12.00
# Visual Studio Version 17
VisualStudioVersion = 17.13.35806.99 d17.13
MinimumVisualStudioVersion = 10.0.40219.1
Project("{FAE04EC0-301F-11D3-BF4B-00C04F79EFBC}") = "EsportsTournament", "EsportsTournament.csproj", "{5292B65F-301E-FEB2-B8AA-FA4AD493941D}"
EndProject
Global
	GlobalSection(SolutionConfigurationPlatforms) = preSolution
		Debug|Any CPU = Debug|Any CPU
		Release|Any CPU = Release|Any CPU
	EndGlobalSection
	GlobalSection(ProjectConfigurationPlatforms) = postSolution
		{5292B65F-301E-FEB2-B8AA-FA4AD493941D}.Debug|Any CPU.ActiveCfg = Debug|Any CPU
		{5292B65F-301E-FEB2-B8AA-FA4AD493941D}.Debug|Any CPU.Build.0 = Debug|Any CPU
		{5292B65F-301E-FEB2-B8AA-FA4AD493941D}.Release|Any CPU.ActiveCfg = Release|Any CPU
		{5292B65F-301E-FEB2-B8AA-FA4AD493941D}.Release|Any CPU.Build.0 = Release|Any CPU
	EndGlobalSection
	GlobalSection(SolutionProperties) = preSolution
		HideSolutionNode = FALSE
	EndGlobalSection
	GlobalSection(ExtensibilityGlobals) = postSolution
		SolutionGuid = {0291270B-831A-4E45-A02B-1A6B805A2C3C}
	EndGlobalSection
EndGlobal
